// !$*UTF8*$!
{
	archiveVersion = 1;
	classes = {
	};
	objectVersion = 56;
	objects = {

/* Begin PBXBuildFile section */
		E839D6A92AA7DD9900215155 /* Homework_1App.swift in Sources */ = {isa = PBXBuildFile; fileRef = E839D6A82AA7DD9900215155 /* Homework_1App.swift */; };
		E839D6AB2AA7DD9900215155 /* ContentView.swift in Sources */ = {isa = PBXBuildFile; fileRef = E839D6AA2AA7DD9900215155 /* ContentView.swift */; };
		E839D6AD2AA7DD9B00215155 /* Assets.xcassets in Resources */ = {isa = PBXBuildFile; fileRef = E839D6AC2AA7DD9B00215155 /* Assets.xcassets */; };
		E839D6B02AA7DD9B00215155 /* Preview Assets.xcassets in Resources */ = {isa = PBXBuildFile; fileRef = E839D6AF2AA7DD9B00215155 /* Preview Assets.xcassets */; };
		E839D6BA2AA7DD9C00215155 /* Homework_1Tests.swift in Sources */ = {isa = PBXBuildFile; fileRef = E839D6B92AA7DD9C00215155 /* Homework_1Tests.swift */; };
		E839D6C42AA7DD9C00215155 /* Homework_1UITests.swift in Sources */ = {isa = PBXBuildFile; fileRef = E839D6C32AA7DD9C00215155 /* Homework_1UITests.swift */; };
		E839D6C62AA7DD9C00215155 /* Homework_1UITestsLaunchTests.swift in Sources */ = {isa = PBXBuildFile; fileRef = E839D6C52AA7DD9C00215155 /* Homework_1UITestsLaunchTests.swift */; };
/* End PBXBuildFile section */

/* Begin PBXContainerItemProxy section */
		E839D6B62AA7DD9C00215155 /* PBXContainerItemProxy */ = {
			isa = PBXContainerItemProxy;
			containerPortal = E839D69D2AA7DD9900215155 /* Project object */;
			proxyType = 1;
			remoteGlobalIDString = E839D6A42AA7DD9900215155;
			remoteInfo = Homework_1;
		};
		E839D6C02AA7DD9C00215155 /* PBXContainerItemProxy */ = {
			isa = PBXContainerItemProxy;
			containerPortal = E839D69D2AA7DD9900215155 /* Project object */;
			proxyType = 1;
			remoteGlobalIDString = E839D6A42AA7DD9900215155;
			remoteInfo = Homework_1;
		};
/* End PBXContainerItemProxy section */

/* Begin PBXFileReference section */
		E839D6A52AA7DD9900215155 /* Homework_1.app */ = {isa = PBXFileReference; explicitFileType = wrapper.application; includeInIndex = 0; path = Homework_1.app; sourceTree = BUILT_PRODUCTS_DIR; };
		E839D6A82AA7DD9900215155 /* Homework_1App.swift */ = {isa = PBXFileReference; lastKnownFileType = sourcecode.swift; path = Homework_1App.swift; sourceTree = "<group>"; };
		E839D6AA2AA7DD9900215155 /* ContentView.swift */ = {isa = PBXFileReference; lastKnownFileType = sourcecode.swift; path = ContentView.swift; sourceTree = "<group>"; };
		E839D6AC2AA7DD9B00215155 /* Assets.xcassets */ = {isa = PBXFileReference; lastKnownFileType = folder.assetcatalog; path = Assets.xcassets; sourceTree = "<group>"; };
		E839D6AF2AA7DD9B00215155 /* Preview Assets.xcassets */ = {isa = PBXFileReference; lastKnownFileType = folder.assetcatalog; path = "Preview Assets.xcassets"; sourceTree = "<group>"; };
		E839D6B52AA7DD9C00215155 /* Homework_1Tests.xctest */ = {isa = PBXFileReference; explicitFileType = wrapper.cfbundle; includeInIndex = 0; path = Homework_1Tests.xctest; sourceTree = BUILT_PRODUCTS_DIR; };
		E839D6B92AA7DD9C00215155 /* Homework_1Tests.swift */ = {isa = PBXFileReference; lastKnownFileType = sourcecode.swift; path = Homework_1Tests.swift; sourceTree = "<group>"; };
		E839D6BF2AA7DD9C00215155 /* Homework_1UITests.xctest */ = {isa = PBXFileReference; explicitFileType = wrapper.cfbundle; includeInIndex = 0; path = Homework_1UITests.xctest; sourceTree = BUILT_PRODUCTS_DIR; };
		E839D6C32AA7DD9C00215155 /* Homework_1UITests.swift */ = {isa = PBXFileReference; lastKnownFileType = sourcecode.swift; path = Homework_1UITests.swift; sourceTree = "<group>"; };
		E839D6C52AA7DD9C00215155 /* Homework_1UITestsLaunchTests.swift */ = {isa = PBXFileReference; lastKnownFileType = sourcecode.swift; path = Homework_1UITestsLaunchTests.swift; sourceTree = "<group>"; };
/* End PBXFileReference section */

/* Begin PBXFrameworksBuildPhase section */
		E839D6A22AA7DD9900215155 /* Frameworks */ = {
			isa = PBXFrameworksBuildPhase;
			buildActionMask = 2147483647;
			files = (
			);
			runOnlyForDeploymentPostprocessing = 0;
		};
		E839D6B22AA7DD9C00215155 /* Frameworks */ = {
			isa = PBXFrameworksBuildPhase;
			buildActionMask = 2147483647;
			files = (
			);
			runOnlyForDeploymentPostprocessing = 0;
		};
		E839D6BC2AA7DD9C00215155 /* Frameworks */ = {
			isa = PBXFrameworksBuildPhase;
			buildActionMask = 2147483647;
			files = (
			);
			runOnlyForDeploymentPostprocessing = 0;
		};
/* End PBXFrameworksBuildPhase section */

/* Begin PBXGroup section */
		E839D69C2AA7DD9900215155 = {
			isa = PBXGroup;
			children = (
				E839D6A72AA7DD9900215155 /* Homework_1 */,
				E839D6B82AA7DD9C00215155 /* Homework_1Tests */,
				E839D6C22AA7DD9C00215155 /* Homework_1UITests */,
				E839D6A62AA7DD9900215155 /* Products */,
			);
			sourceTree = "<group>";
		};
		E839D6A62AA7DD9900215155 /* Products */ = {
			isa = PBXGroup;
			children = (
				E839D6A52AA7DD9900215155 /* Homework_1.app */,
				E839D6B52AA7DD9C00215155 /* Homework_1Tests.xctest */,
				E839D6BF2AA7DD9C00215155 /* Homework_1UITests.xctest */,
			);
			name = Products;
			sourceTree = "<group>";
		};
		E839D6A72AA7DD9900215155 /* Homework_1 */ = {
			isa = PBXGroup;
			children = (
				E839D6A82AA7DD9900215155 /* Homework_1App.swift */,
				E839D6AA2AA7DD9900215155 /* ContentView.swift */,
				E839D6AC2AA7DD9B00215155 /* Assets.xcassets */,
				E839D6AE2AA7DD9B00215155 /* Preview Content */,
			);
			path = Homework_1;
			sourceTree = "<group>";
		};
		E839D6AE2AA7DD9B00215155 /* Preview Content */ = {
			isa = PBXGroup;
			children = (
				E839D6AF2AA7DD9B00215155 /* Preview Assets.xcassets */,
			);
			path = "Preview Content";
			sourceTree = "<group>";
		};
		E839D6B82AA7DD9C00215155 /* Homework_1Tests */ = {
			isa = PBXGroup;
			children = (
				E839D6B92AA7DD9C00215155 /* Homework_1Tests.swift */,
			);
			path = Homework_1Tests;
			sourceTree = "<group>";
		};
		E839D6C22AA7DD9C00215155 /* Homework_1UITests */ = {
			isa = PBXGroup;
			children = (
				E839D6C32AA7DD9C00215155 /* Homework_1UITests.swift */,
				E839D6C52AA7DD9C00215155 /* Homework_1UITestsLaunchTests.swift */,
			);
			path = Homework_1UITests;
			sourceTree = "<group>";
		};
/* End PBXGroup section */

/* Begin PBXNativeTarget section */
		E839D6A42AA7DD9900215155 /* Homework_1 */ = {
			isa = PBXNativeTarget;
			buildConfigurationList = E839D6C92AA7DD9C00215155 /* Build configuration list for PBXNativeTarget "Homework_1" */;
			buildPhases = (
				E839D6A12AA7DD9900215155 /* Sources */,
				E839D6A22AA7DD9900215155 /* Frameworks */,
				E839D6A32AA7DD9900215155 /* Resources */,
			);
			buildRules = (
			);
			dependencies = (
			);
			name = Homework_1;
			productName = Homework_1;
			productReference = E839D6A52AA7DD9900215155 /* Homework_1.app */;
			productType = "com.apple.product-type.application";
		};
		E839D6B42AA7DD9C00215155 /* Homework_1Tests */ = {
			isa = PBXNativeTarget;
			buildConfigurationList = E839D6CC2AA7DD9C00215155 /* Build configuration list for PBXNativeTarget "Homework_1Tests" */;
			buildPhases = (
				E839D6B12AA7DD9C00215155 /* Sources */,
				E839D6B22AA7DD9C00215155 /* Frameworks */,
				E839D6B32AA7DD9C00215155 /* Resources */,
			);
			buildRules = (
			);
			dependencies = (
				E839D6B72AA7DD9C00215155 /* PBXTargetDependency */,
			);
			name = Homework_1Tests;
			productName = Homework_1Tests;
			productReference = E839D6B52AA7DD9C00215155 /* Homework_1Tests.xctest */;
			productType = "com.apple.product-type.bundle.unit-test";
		};
		E839D6BE2AA7DD9C00215155 /* Homework_1UITests */ = {
			isa = PBXNativeTarget;
			buildConfigurationList = E839D6CF2AA7DD9C00215155 /* Build configuration list for PBXNativeTarget "Homework_1UITests" */;
			buildPhases = (
				E839D6BB2AA7DD9C00215155 /* Sources */,
				E839D6BC2AA7DD9C00215155 /* Frameworks */,
				E839D6BD2AA7DD9C00215155 /* Resources */,
			);
			buildRules = (
			);
			dependencies = (
				E839D6C12AA7DD9C00215155 /* PBXTargetDependency */,
			);
			name = Homework_1UITests;
			productName = Homework_1UITests;
			productReference = E839D6BF2AA7DD9C00215155 /* Homework_1UITests.xctest */;
			productType = "com.apple.product-type.bundle.ui-testing";
		};
/* End PBXNativeTarget section */

/* Begin PBXProject section */
		E839D69D2AA7DD9900215155 /* Project object */ = {
			isa = PBXProject;
			attributes = {
				BuildIndependentTargetsInParallel = 1;
				LastSwiftUpdateCheck = 1500;
				LastUpgradeCheck = 1500;
				TargetAttributes = {
					E839D6A42AA7DD9900215155 = {
						CreatedOnToolsVersion = 15.0;
					};
					E839D6B42AA7DD9C00215155 = {
						CreatedOnToolsVersion = 15.0;
						TestTargetID = E839D6A42AA7DD9900215155;
					};
					E839D6BE2AA7DD9C00215155 = {
						CreatedOnToolsVersion = 15.0;
						TestTargetID = E839D6A42AA7DD9900215155;
					};
				};
			};
			buildConfigurationList = E839D6A02AA7DD9900215155 /* Build configuration list for PBXProject "Homework_1" */;
			compatibilityVersion = "Xcode 14.0";
			developmentRegion = en;
			hasScannedForEncodings = 0;
			knownRegions = (
				en,
				Base,
			);
			mainGroup = E839D69C2AA7DD9900215155;
			productRefGroup = E839D6A62AA7DD9900215155 /* Products */;
			projectDirPath = "";
			projectRoot = "";
			targets = (
				E839D6A42AA7DD9900215155 /* Homework_1 */,
				E839D6B42AA7DD9C00215155 /* Homework_1Tests */,
				E839D6BE2AA7DD9C00215155 /* Homework_1UITests */,
			);
		};
/* End PBXProject section */

/* Begin PBXResourcesBuildPhase section */
		E839D6A32AA7DD9900215155 /* Resources */ = {
			isa = PBXResourcesBuildPhase;
			buildActionMask = 2147483647;
			files = (
				E839D6B02AA7DD9B00215155 /* Preview Assets.xcassets in Resources */,
				E839D6AD2AA7DD9B00215155 /* Assets.xcassets in Resources */,
			);
			runOnlyForDeploymentPostprocessing = 0;
		};
		E839D6B32AA7DD9C00215155 /* Resources */ = {
			isa = PBXResourcesBuildPhase;
			buildActionMask = 2147483647;
			files = (
			);
			runOnlyForDeploymentPostprocessing = 0;
		};
		E839D6BD2AA7DD9C00215155 /* Resources */ = {
			isa = PBXResourcesBuildPhase;
			buildActionMask = 2147483647;
			files = (
			);
			runOnlyForDeploymentPostprocessing = 0;
		};
/* End PBXResourcesBuildPhase section */

/* Begin PBXSourcesBuildPhase section */
		E839D6A12AA7DD9900215155 /* Sources */ = {
			isa = PBXSourcesBuildPhase;
			buildActionMask = 2147483647;
			files = (
				E839D6AB2AA7DD9900215155 /* ContentView.swift in Sources */,
				E839D6A92AA7DD9900215155 /* Homework_1App.swift in Sources */,
			);
			runOnlyForDeploymentPostprocessing = 0;
		};
		E839D6B12AA7DD9C00215155 /* Sources */ = {
			isa = PBXSourcesBuildPhase;
			buildActionMask = 2147483647;
			files = (
				E839D6BA2AA7DD9C00215155 /* Homework_1Tests.swift in Sources */,
			);
			runOnlyForDeploymentPostprocessing = 0;
		};
		E839D6BB2AA7DD9C00215155 /* Sources */ = {
			isa = PBXSourcesBuildPhase;
			buildActionMask = 2147483647;
			files = (
				E839D6C62AA7DD9C00215155 /* Homework_1UITestsLaunchTests.swift in Sources */,
				E839D6C42AA7DD9C00215155 /* Homework_1UITests.swift in Sources */,
			);
			runOnlyForDeploymentPostprocessing = 0;
		};
/* End PBXSourcesBuildPhase section */

/* Begin PBXTargetDependency section */
		E839D6B72AA7DD9C00215155 /* PBXTargetDependency */ = {
			isa = PBXTargetDependency;
			target = E839D6A42AA7DD9900215155 /* Homework_1 */;
			targetProxy = E839D6B62AA7DD9C00215155 /* PBXContainerItemProxy */;
		};
		E839D6C12AA7DD9C00215155 /* PBXTargetDependency */ = {
			isa = PBXTargetDependency;
			target = E839D6A42AA7DD9900215155 /* Homework_1 */;
			targetProxy = E839D6C02AA7DD9C00215155 /* PBXContainerItemProxy */;
		};
/* End PBXTargetDependency section */

/* Begin XCBuildConfiguration section */
		E839D6C72AA7DD9C00215155 /* Debug */ = {
			isa = XCBuildConfiguration;
			buildSettings = {
				ALWAYS_SEARCH_USER_PATHS = NO;
				ASSETCATALOG_COMPILER_GENERATE_SWIFT_ASSET_SYMBOL_EXTENSIONS = YES;
				CLANG_ANALYZER_NONNULL = YES;
				CLANG_ANALYZER_NUMBER_OBJECT_CONVERSION = YES_AGGRESSIVE;
				CLANG_CXX_LANGUAGE_STANDARD = "gnu++20";
				CLANG_ENABLE_MODULES = YES;
				CLANG_ENABLE_OBJC_ARC = YES;
				CLANG_ENABLE_OBJC_WEAK = YES;
				CLANG_WARN_BLOCK_CAPTURE_AUTORELEASING = YES;
				CLANG_WARN_BOOL_CONVERSION = YES;
				CLANG_WARN_COMMA = YES;
				CLANG_WARN_CONSTANT_CONVERSION = YES;
				CLANG_WARN_DEPRECATED_OBJC_IMPLEMENTATIONS = YES;
				CLANG_WARN_DIRECT_OBJC_ISA_USAGE = YES_ERROR;
				CLANG_WARN_DOCUMENTATION_COMMENTS = YES;
				CLANG_WARN_EMPTY_BODY = YES;
				CLANG_WARN_ENUM_CONVERSION = YES;
				CLANG_WARN_INFINITE_RECURSION = YES;
				CLANG_WARN_INT_CONVERSION = YES;
				CLANG_WARN_NON_LITERAL_NULL_CONVERSION = YES;
				CLANG_WARN_OBJC_IMPLICIT_RETAIN_SELF = YES;
				CLANG_WARN_OBJC_LITERAL_CONVERSION = YES;
				CLANG_WARN_OBJC_ROOT_CLASS = YES_ERROR;
				CLANG_WARN_QUOTED_INCLUDE_IN_FRAMEWORK_HEADER = YES;
				CLANG_WARN_RANGE_LOOP_ANALYSIS = YES;
				CLANG_WARN_STRICT_PROTOTYPES = YES;
				CLANG_WARN_SUSPICIOUS_MOVE = YES;
				CLANG_WARN_UNGUARDED_AVAILABILITY = YES_AGGRESSIVE;
				CLANG_WARN_UNREACHABLE_CODE = YES;
				CLANG_WARN__DUPLICATE_METHOD_MATCH = YES;
				COPY_PHASE_STRIP = NO;
				DEBUG_INFORMATION_FORMAT = dwarf;
				ENABLE_STRICT_OBJC_MSGSEND = YES;
				ENABLE_TESTABILITY = YES;
				ENABLE_USER_SCRIPT_SANDBOXING = YES;
				GCC_C_LANGUAGE_STANDARD = gnu17;
				GCC_DYNAMIC_NO_PIC = NO;
				GCC_NO_COMMON_BLOCKS = YES;
				GCC_OPTIMIZATION_LEVEL = 0;
				GCC_PREPROCESSOR_DEFINITIONS = (
					"DEBUG=1",
					"$(inherited)",
				);
				GCC_WARN_64_TO_32_BIT_CONVERSION = YES;
				GCC_WARN_ABOUT_RETURN_TYPE = YES_ERROR;
				GCC_WARN_UNDECLARED_SELECTOR = YES;
				GCC_WARN_UNINITIALIZED_AUTOS = YES_AGGRESSIVE;
				GCC_WARN_UNUSED_FUNCTION = YES;
				GCC_WARN_UNUSED_VARIABLE = YES;
				IPHONEOS_DEPLOYMENT_TARGET = 17.0;
				LOCALIZATION_PREFERS_STRING_CATALOGS = YES;
				MTL_ENABLE_DEBUG_INFO = INCLUDE_SOURCE;
				MTL_FAST_MATH = YES;
				ONLY_ACTIVE_ARCH = YES;
				SDKROOT = iphoneos;
				SWIFT_ACTIVE_COMPILATION_CONDITIONS = "DEBUG $(inherited)";
				SWIFT_OPTIMIZATION_LEVEL = "-Onone";
			};
			name = Debug;
		};
		E839D6C82AA7DD9C00215155 /* Release */ = {
			isa = XCBuildConfiguration;
			buildSettings = {
				ALWAYS_SEARCH_USER_PATHS = NO;
				ASSETCATALOG_COMPILER_GENERATE_SWIFT_ASSET_SYMBOL_EXTENSIONS = YES;
				CLANG_ANALYZER_NONNULL = YES;
				CLANG_ANALYZER_NUMBER_OBJECT_CONVERSION = YES_AGGRESSIVE;
				CLANG_CXX_LANGUAGE_STANDARD = "gnu++20";
				CLANG_ENABLE_MODULES = YES;
				CLANG_ENABLE_OBJC_ARC = YES;
				CLANG_ENABLE_OBJC_WEAK = YES;
				CLANG_WARN_BLOCK_CAPTURE_AUTORELEASING = YES;
				CLANG_WARN_BOOL_CONVERSION = YES;
				CLANG_WARN_COMMA = YES;
				CLANG_WARN_CONSTANT_CONVERSION = YES;
				CLANG_WARN_DEPRECATED_OBJC_IMPLEMENTATIONS = YES;
				CLANG_WARN_DIRECT_OBJC_ISA_USAGE = YES_ERROR;
				CLANG_WARN_DOCUMENTATION_COMMENTS = YES;
				CLANG_WARN_EMPTY_BODY = YES;
				CLANG_WARN_ENUM_CONVERSION = YES;
				CLANG_WARN_INFINITE_RECURSION = YES;
				CLANG_WARN_INT_CONVERSION = YES;
				CLANG_WARN_NON_LITERAL_NULL_CONVERSION = YES;
				CLANG_WARN_OBJC_IMPLICIT_RETAIN_SELF = YES;
				CLANG_WARN_OBJC_LITERAL_CONVERSION = YES;
				CLANG_WARN_OBJC_ROOT_CLASS = YES_ERROR;
				CLANG_WARN_QUOTED_INCLUDE_IN_FRAMEWORK_HEADER = YES;
				CLANG_WARN_RANGE_LOOP_ANALYSIS = YES;
				CLANG_WARN_STRICT_PROTOTYPES = YES;
				CLANG_WARN_SUSPICIOUS_MOVE = YES;
				CLANG_WARN_UNGUARDED_AVAILABILITY = YES_AGGRESSIVE;
				CLANG_WARN_UNREACHABLE_CODE = YES;
				CLANG_WARN__DUPLICATE_METHOD_MATCH = YES;
				COPY_PHASE_STRIP = NO;
				DEBUG_INFORMATION_FORMAT = "dwarf-with-dsym";
				ENABLE_NS_ASSERTIONS = NO;
				ENABLE_STRICT_OBJC_MSGSEND = YES;
				ENABLE_USER_SCRIPT_SANDBOXING = YES;
				GCC_C_LANGUAGE_STANDARD = gnu17;
				GCC_NO_COMMON_BLOCKS = YES;
				GCC_WARN_64_TO_32_BIT_CONVERSION = YES;
				GCC_WARN_ABOUT_RETURN_TYPE = YES_ERROR;
				GCC_WARN_UNDECLARED_SELECTOR = YES;
				GCC_WARN_UNINITIALIZED_AUTOS = YES_AGGRESSIVE;
				GCC_WARN_UNUSED_FUNCTION = YES;
				GCC_WARN_UNUSED_VARIABLE = YES;
				IPHONEOS_DEPLOYMENT_TARGET = 17.0;
				LOCALIZATION_PREFERS_STRING_CATALOGS = YES;
				MTL_ENABLE_DEBUG_INFO = NO;
				MTL_FAST_MATH = YES;
				SDKROOT = iphoneos;
				SWIFT_COMPILATION_MODE = wholemodule;
				VALIDATE_PRODUCT = YES;
			};
			name = Release;
		};
		E839D6CA2AA7DD9C00215155 /* Debug */ = {
			isa = XCBuildConfiguration;
			buildSettings = {
				ASSETCATALOG_COMPILER_APPICON_NAME = AppIcon;
				ASSETCATALOG_COMPILER_GLOBAL_ACCENT_COLOR_NAME = AccentColor;
				CODE_SIGN_STYLE = Automatic;
				CURRENT_PROJECT_VERSION = 1;
				DEVELOPMENT_ASSET_PATHS = "\"Homework_1/Preview Content\"";
				ENABLE_PREVIEWS = YES;
				GENERATE_INFOPLIST_FILE = YES;
				INFOPLIST_KEY_UIApplicationSceneManifest_Generation = YES;
				INFOPLIST_KEY_UIApplicationSupportsIndirectInputEvents = YES;
				INFOPLIST_KEY_UILaunchScreen_Generation = YES;
				INFOPLIST_KEY_UISupportedInterfaceOrientations_iPad = "UIInterfaceOrientationPortrait UIInterfaceOrientationPortraitUpsideDown UIInterfaceOrientationLandscapeLeft UIInterfaceOrientationLandscapeRight";
				INFOPLIST_KEY_UISupportedInterfaceOrientations_iPhone = "UIInterfaceOrientationPortrait UIInterfaceOrientationLandscapeLeft UIInterfaceOrientationLandscapeRight";
				LD_RUNPATH_SEARCH_PATHS = (
					"$(inherited)",
					"@executable_path/Frameworks",
				);
				MARKETING_VERSION = 1.0;
				PRODUCT_BUNDLE_IDENTIFIER = "Riley-Marshall.Homework-1";
				PRODUCT_NAME = "$(TARGET_NAME)";
				SWIFT_EMIT_LOC_STRINGS = YES;
				SWIFT_VERSION = 5.0;
				TARGETED_DEVICE_FAMILY = "1,2";
			};
			name = Debug;
		};
		E839D6CB2AA7DD9C00215155 /* Release */ = {
			isa = XCBuildConfiguration;
			buildSettings = {
				ASSETCATALOG_COMPILER_APPICON_NAME = AppIcon;
				ASSETCATALOG_COMPILER_GLOBAL_ACCENT_COLOR_NAME = AccentColor;
				CODE_SIGN_STYLE = Automatic;
				CURRENT_PROJECT_VERSION = 1;
				DEVELOPMENT_ASSET_PATHS = "\"Homework_1/Preview Content\"";
				ENABLE_PREVIEWS = YES;
				GENERATE_INFOPLIST_FILE = YES;
				INFOPLIST_KEY_UIApplicationSceneManifest_Generation = YES;
				INFOPLIST_KEY_UIApplicationSupportsIndirectInputEvents = YES;
				INFOPLIST_KEY_UILaunchScreen_Generation = YES;
				INFOPLIST_KEY_UISupportedInterfaceOrientations_iPad = "UIInterfaceOrientationPortrait UIInterfaceOrientationPortraitUpsideDown UIInterfaceOrientationLandscapeLeft UIInterfaceOrientationLandscapeRight";
				INFOPLIST_KEY_UISupportedInterfaceOrientations_iPhone = "UIInterfaceOrientationPortrait UIInterfaceOrientationLandscapeLeft UIInterfaceOrientationLandscapeRight";
				LD_RUNPATH_SEARCH_PATHS = (
					"$(inherited)",
					"@executable_path/Frameworks",
				);
				MARKETING_VERSION = 1.0;
				PRODUCT_BUNDLE_IDENTIFIER = "Riley-Marshall.Homework-1";
				PRODUCT_NAME = "$(TARGET_NAME)";
				SWIFT_EMIT_LOC_STRINGS = YES;
				SWIFT_VERSION = 5.0;
				TARGETED_DEVICE_FAMILY = "1,2";
			};
			name = Release;
		};
		E839D6CD2AA7DD9C00215155 /* Debug */ = {
			isa = XCBuildConfiguration;
			buildSettings = {
				ALWAYS_EMBED_SWIFT_STANDARD_LIBRARIES = YES;
				BUNDLE_LOADER = "$(TEST_HOST)";
				CODE_SIGN_STYLE = Automatic;
				CURRENT_PROJECT_VERSION = 1;
				GENERATE_INFOPLIST_FILE = YES;
				IPHONEOS_DEPLOYMENT_TARGET = 17.0;
				MARKETING_VERSION = 1.0;
				PRODUCT_BUNDLE_IDENTIFIER = "Riley-Marshall.Homework-1Tests";
				PRODUCT_NAME = "$(TARGET_NAME)";
				SWIFT_EMIT_LOC_STRINGS = NO;
				SWIFT_VERSION = 5.0;
				TARGETED_DEVICE_FAMILY = "1,2";
				TEST_HOST = "$(BUILT_PRODUCTS_DIR)/Homework_1.app/$(BUNDLE_EXECUTABLE_FOLDER_PATH)/Homework_1";
			};
			name = Debug;
		};
		E839D6CE2AA7DD9C00215155 /* Release */ = {
			isa = XCBuildConfiguration;
			buildSettings = {
				ALWAYS_EMBED_SWIFT_STANDARD_LIBRARIES = YES;
				BUNDLE_LOADER = "$(TEST_HOST)";
				CODE_SIGN_STYLE = Automatic;
				CURRENT_PROJECT_VERSION = 1;
				GENERATE_INFOPLIST_FILE = YES;
				IPHONEOS_DEPLOYMENT_TARGET = 17.0;
				MARKETING_VERSION = 1.0;
				PRODUCT_BUNDLE_IDENTIFIER = "Riley-Marshall.Homework-1Tests";
				PRODUCT_NAME = "$(TARGET_NAME)";
				SWIFT_EMIT_LOC_STRINGS = NO;
				SWIFT_VERSION = 5.0;
				TARGETED_DEVICE_FAMILY = "1,2";
				TEST_HOST = "$(BUILT_PRODUCTS_DIR)/Homework_1.app/$(BUNDLE_EXECUTABLE_FOLDER_PATH)/Homework_1";
			};
			name = Release;
		};
		E839D6D02AA7DD9C00215155 /* Debug */ = {
			isa = XCBuildConfiguration;
			buildSettings = {
				ALWAYS_EMBED_SWIFT_STANDARD_LIBRARIES = YES;
				CODE_SIGN_STYLE = Automatic;
				CURRENT_PROJECT_VERSION = 1;
				GENERATE_INFOPLIST_FILE = YES;
				MARKETING_VERSION = 1.0;
				PRODUCT_BUNDLE_IDENTIFIER = "Riley-Marshall.Homework-1UITests";
				PRODUCT_NAME = "$(TARGET_NAME)";
				SWIFT_EMIT_LOC_STRINGS = NO;
				SWIFT_VERSION = 5.0;
				TARGETED_DEVICE_FAMILY = "1,2";
				TEST_TARGET_NAME = Homework_1;
			};
			name = Debug;
		};
		E839D6D12AA7DD9C00215155 /* Release */ = {
			isa = XCBuildConfiguration;
			buildSettings = {
				ALWAYS_EMBED_SWIFT_STANDARD_LIBRARIES = YES;
				CODE_SIGN_STYLE = Automatic;
				CURRENT_PROJECT_VERSION = 1;
				GENERATE_INFOPLIST_FILE = YES;
				MARKETING_VERSION = 1.0;
				PRODUCT_BUNDLE_IDENTIFIER = "Riley-Marshall.Homework-1UITests";
				PRODUCT_NAME = "$(TARGET_NAME)";
				SWIFT_EMIT_LOC_STRINGS = NO;
				SWIFT_VERSION = 5.0;
				TARGETED_DEVICE_FAMILY = "1,2";
				TEST_TARGET_NAME = Homework_1;
			};
			name = Release;
		};
/* End XCBuildConfiguration section */

/* Begin XCConfigurationList section */
		E839D6A02AA7DD9900215155 /* Build configuration list for PBXProject "Homework_1" */ = {
			isa = XCConfigurationList;
			buildConfigurations = (
				E839D6C72AA7DD9C00215155 /* Debug */,
				E839D6C82AA7DD9C00215155 /* Release */,
			);
			defaultConfigurationIsVisible = 0;
			defaultConfigurationName = Release;
		};
		E839D6C92AA7DD9C00215155 /* Build configuration list for PBXNativeTarget "Homework_1" */ = {
			isa = XCConfigurationList;
			buildConfigurations = (
				E839D6CA2AA7DD9C00215155 /* Debug */,
				E839D6CB2AA7DD9C00215155 /* Release */,
			);
			defaultConfigurationIsVisible = 0;
			defaultConfigurationName = Release;
		};
		E839D6CC2AA7DD9C00215155 /* Build configuration list for PBXNativeTarget "Homework_1Tests" */ = {
			isa = XCConfigurationList;
			buildConfigurations = (
				E839D6CD2AA7DD9C00215155 /* Debug */,
				E839D6CE2AA7DD9C00215155 /* Release */,
			);
			defaultConfigurationIsVisible = 0;
			defaultConfigurationName = Release;
		};
		E839D6CF2AA7DD9C00215155 /* Build configuration list for PBXNativeTarget "Homework_1UITests" */ = {
			isa = XCConfigurationList;
			buildConfigurations = (
				E839D6D02AA7DD9C00215155 /* Debug */,
				E839D6D12AA7DD9C00215155 /* Release */,
			);
			defaultConfigurationIsVisible = 0;
			defaultConfigurationName = Release;
		};
/* End XCConfigurationList section */
	};
	rootObject = E839D69D2AA7DD9900215155 /* Project object */;
}
